// !$*UTF8*$!
{
	archiveVersion = 1;
	classes = {
	};
	objectVersion = 77;
	objects = {

/* Begin PBXBuildFile section */
		0AFAD4491B237BB2FAA232E0 /* Card.swift in Sources */ = {isa = PBXBuildFile; fileRef = 920948412F7B4350284AF368 /* Card.swift */; };
		0B6F4DB25CA3B4884EA2EF0D /* FriendsView.swift in Sources */ = {isa = PBXBuildFile; fileRef = 2E4B5C405C1FB610CE7A3CCB /* FriendsView.swift */; };
		0F1EDB5DC906F9FCE365D474 /* Assets.xcassets in Resources */ = {isa = PBXBuildFile; fileRef = E48318D4B11678809CABA109 /* Assets.xcassets */; };
		143EEA1E25546B0C3518382E /* ProofResultView.swift in Sources */ = {isa = PBXBuildFile; fileRef = 7BD76AB8645717C6B9102BE3 /* ProofResultView.swift */; };
		18F095D4C34CBBA422DB1D5C /* TimerProofView.swift in Sources */ = {isa = PBXBuildFile; fileRef = 09E9842DB124112F26723127 /* TimerProofView.swift */; };
		1AA6BE939632081D5FAA4142 /* SelfVerifyView.swift in Sources */ = {isa = PBXBuildFile; fileRef = 1D0C5D7A3EB2C9F530F9DDEE /* SelfVerifyView.swift */; };
		1BF899F44C2748E4AF7AEB0F /* RootView.swift in Sources */ = {isa = PBXBuildFile; fileRef = 0DBDB4231946A98FF2AB821F /* RootView.swift */; };
		217D0A05911CB8D47EA69738 /* DebugLaunch.swift in Sources */ = {isa = PBXBuildFile; fileRef = C091644AD30AE05D142CB337 /* DebugLaunch.swift */; };
		285E17402E0FEE7291C1C153 /* GpsProofView.swift in Sources */ = {isa = PBXBuildFile; fileRef = CE69923D9990D8BD64DF6739 /* GpsProofView.swift */; };
		2AE315159508CC98F0AEFC9F /* MoneyText.swift in Sources */ = {isa = PBXBuildFile; fileRef = 2D49984BB5396F8314E5E868 /* MoneyText.swift */; };
		3C6F86152B1BD028C9A07024 /* AppContainer.swift in Sources */ = {isa = PBXBuildFile; fileRef = 31359A28BB160317081D47FF /* AppContainer.swift */; };
		4414C35E44A1DFD7F849F685 /* CreateCommitmentWizardView.swift in Sources */ = {isa = PBXBuildFile; fileRef = C2EA4A1C0D03483B2B41923E /* CreateCommitmentWizardView.swift */; };
		4C287D75D52E2A3B8F2C706B /* AuthAPI.swift in Sources */ = {isa = PBXBuildFile; fileRef = 91974E60A51E4A992E75297A /* AuthAPI.swift */; };
		4ED5A5E7A01BA89E42FE2C43 /* GpsTargetPickerView.swift in Sources */ = {isa = PBXBuildFile; fileRef = F023F30966FFCF9732152E0C /* GpsTargetPickerView.swift */; };
		5D780350421E3B125891A653 /* Copy.swift in Sources */ = {isa = PBXBuildFile; fileRef = 37D50BD86475B503B355C611 /* Copy.swift */; };
		6443C61951276A7D8D1F198D /* AuthStore.swift in Sources */ = {isa = PBXBuildFile; fileRef = 426B016CDA80B9F4B14F794D /* AuthStore.swift */; };
		6B6451965421F7042DEE614F /* CountdownText.swift in Sources */ = {isa = PBXBuildFile; fileRef = E37091103DE446C892C84A08 /* CountdownText.swift */; };
		7158D5E5A49A0FF1D74B5E1F /* SettingsView.swift in Sources */ = {isa = PBXBuildFile; fileRef = 856FE5C0A29959AB17DD9547 /* SettingsView.swift */; };
		87AFB6B90E2EC6DDE2DE4288 /* Buttons.swift in Sources */ = {isa = PBXBuildFile; fileRef = 438A76621CD2BBF69BDEC408 /* Buttons.swift */; };
		9077F1ED47B99AC2FEE909F7 /* OnboardingRootView.swift in Sources */ = {isa = PBXBuildFile; fileRef = 7A38B7A7BFDE56ACD96CE2AF /* OnboardingRootView.swift */; };
		95E3BBF442CBE39568514C85 /* PhotoProofView.swift in Sources */ = {isa = PBXBuildFile; fileRef = C636604A23DBE445A96DC033 /* PhotoProofView.swift */; };
		9780B3536554E1DFF8642339 /* CreateCommitmentEntry.swift in Sources */ = {isa = PBXBuildFile; fileRef = 1776D2DC7938033372B683BE /* CreateCommitmentEntry.swift */; };
		A07651915827F11C4D577D14 /* HomeView.swift in Sources */ = {isa = PBXBuildFile; fileRef = 80AE7F5A56EAC36BF082B1F6 /* HomeView.swift */; };
		A23583A37904B82A4CB5D8BE /* AppClock.swift in Sources */ = {isa = PBXBuildFile; fileRef = A74EC51FC93405DF58DDA00B /* AppClock.swift */; };
		B1E6E571503925E213E02534 /* HomeViewModel.swift in Sources */ = {isa = PBXBuildFile; fileRef = 338DDB07ED0B24924515B50C /* HomeViewModel.swift */; };
		BF1E3B6D901905E5B3BF3FD6 /* SegmentedControl.swift in Sources */ = {isa = PBXBuildFile; fileRef = 913B2F532C3ADC7A370A9FEF /* SegmentedControl.swift */; };
		C0588825B6924F9C2DB6AA8D /* Tokens.swift in Sources */ = {isa = PBXBuildFile; fileRef = 83B0551888844533D9BFE6B9 /* Tokens.swift */; };
		C375861F43774C18EAF26472 /* CommitmentDTOs.swift in Sources */ = {isa = PBXBuildFile; fileRef = 651C3B3D6E1BDE083904B2B2 /* CommitmentDTOs.swift */; };
		CA73DB7335F3C60C357C5F35 /* CreateCommitmentModel.swift in Sources */ = {isa = PBXBuildFile; fileRef = 3A117D22D7CF6424E7361100 /* CreateCommitmentModel.swift */; };
		CAAC4450F1A67F84EEF3F29E /* JIKYEOApp.swift in Sources */ = {isa = PBXBuildFile; fileRef = A204BF2D4ACB95C6267833B2 /* JIKYEOApp.swift */; };
		D5D25E89CF26E05358769294 /* ProofFlowView.swift in Sources */ = {isa = PBXBuildFile; fileRef = 58F6685E175A64C6C53BA311 /* ProofFlowView.swift */; };
		D8DCE4981D430BC661543DE2 /* CommitmentTemplate.swift in Sources */ = {isa = PBXBuildFile; fileRef = F042E29D6A97F5DB89D5C19B /* CommitmentTemplate.swift */; };
		D97E5F3AA4DC2364A6E30CB1 /* HistoryView.swift in Sources */ = {isa = PBXBuildFile; fileRef = 7688AC9A26BFF8DC8A168253 /* HistoryView.swift */; };
		DE0BF52AC597117E55CA8721 /* APIClient.swift in Sources */ = {isa = PBXBuildFile; fileRef = 27EA559AD70FF91099A7C7DE /* APIClient.swift */; };
		DE3AE9B3EE11E0BCCEC6DF53 /* Typography.swift in Sources */ = {isa = PBXBuildFile; fileRef = FC98049F94AE6C08CC430AEA /* Typography.swift */; };
		DED02BC39994F0722A0410AC /* InputField.swift in Sources */ = {isa = PBXBuildFile; fileRef = 60771B39C89F5F8210E869CE /* InputField.swift */; };
		E9CEBA4C097212BC72C6C878 /* AppEnvironment.swift in Sources */ = {isa = PBXBuildFile; fileRef = 1EFE5CF552F3E17762560457 /* AppEnvironment.swift */; };
		F631A5F0EC0EC6BD14F3DDD6 /* StatusChip.swift in Sources */ = {isa = PBXBuildFile; fileRef = 2C42A0920D900711B7539E21 /* StatusChip.swift */; };
		FCFA3159FA125CEDA766E884 /* CommitmentAPI.swift in Sources */ = {isa = PBXBuildFile; fileRef = A852DEEEE8CFF8E4BBEFC768 /* CommitmentAPI.swift */; };
/* End PBXBuildFile section */

/* Begin PBXFileReference section */
		09E9842DB124112F26723127 /* TimerProofView.swift */ = {isa = PBXFileReference; lastKnownFileType = sourcecode.swift; path = TimerProofView.swift; sourceTree = "<group>"; };
		0DBDB4231946A98FF2AB821F /* RootView.swift */ = {isa = PBXFileReference; lastKnownFileType = sourcecode.swift; path = RootView.swift; sourceTree = "<group>"; };
		1776D2DC7938033372B683BE /* CreateCommitmentEntry.swift */ = {isa = PBXFileReference; lastKnownFileType = sourcecode.swift; path = CreateCommitmentEntry.swift; sourceTree = "<group>"; };
		1D0C5D7A3EB2C9F530F9DDEE /* SelfVerifyView.swift */ = {isa = PBXFileReference; lastKnownFileType = sourcecode.swift; path = SelfVerifyView.swift; sourceTree = "<group>"; };
		1EFE5CF552F3E17762560457 /* AppEnvironment.swift */ = {isa = PBXFileReference; lastKnownFileType = sourcecode.swift; path = AppEnvironment.swift; sourceTree = "<group>"; };
		27EA559AD70FF91099A7C7DE /* APIClient.swift */ = {isa = PBXFileReference; lastKnownFileType = sourcecode.swift; path = APIClient.swift; sourceTree = "<group>"; };
		2C42A0920D900711B7539E21 /* StatusChip.swift */ = {isa = PBXFileReference; lastKnownFileType = sourcecode.swift; path = StatusChip.swift; sourceTree = "<group>"; };
		2D49984BB5396F8314E5E868 /* MoneyText.swift */ = {isa = PBXFileReference; lastKnownFileType = sourcecode.swift; path = MoneyText.swift; sourceTree = "<group>"; };
		2E4B5C405C1FB610CE7A3CCB /* FriendsView.swift */ = {isa = PBXFileReference; lastKnownFileType = sourcecode.swift; path = FriendsView.swift; sourceTree = "<group>"; };
		31359A28BB160317081D47FF /* AppContainer.swift */ = {isa = PBXFileReference; lastKnownFileType = sourcecode.swift; path = AppContainer.swift; sourceTree = "<group>"; };
		338DDB07ED0B24924515B50C /* HomeViewModel.swift */ = {isa = PBXFileReference; lastKnownFileType = sourcecode.swift; path = HomeViewModel.swift; sourceTree = "<group>"; };
		37D50BD86475B503B355C611 /* Copy.swift */ = {isa = PBXFileReference; lastKnownFileType = sourcecode.swift; path = Copy.swift; sourceTree = "<group>"; };
		3A117D22D7CF6424E7361100 /* CreateCommitmentModel.swift */ = {isa = PBXFileReference; lastKnownFileType = sourcecode.swift; path = CreateCommitmentModel.swift; sourceTree = "<group>"; };
		3CDC37B1BC5F624BACD1E19B /* JIKYEO.app */ = {isa = PBXFileReference; includeInIndex = 0; lastKnownFileType = wrapper.application; path = JIKYEO.app; sourceTree = BUILT_PRODUCTS_DIR; };
		426B016CDA80B9F4B14F794D /* AuthStore.swift */ = {isa = PBXFileReference; lastKnownFileType = sourcecode.swift; path = AuthStore.swift; sourceTree = "<group>"; };
		438A76621CD2BBF69BDEC408 /* Buttons.swift */ = {isa = PBXFileReference; lastKnownFileType = sourcecode.swift; path = Buttons.swift; sourceTree = "<group>"; };
		58F6685E175A64C6C53BA311 /* ProofFlowView.swift */ = {isa = PBXFileReference; lastKnownFileType = sourcecode.swift; path = ProofFlowView.swift; sourceTree = "<group>"; };
		60771B39C89F5F8210E869CE /* InputField.swift */ = {isa = PBXFileReference; lastKnownFileType = sourcecode.swift; path = InputField.swift; sourceTree = "<group>"; };
		651C3B3D6E1BDE083904B2B2 /* CommitmentDTOs.swift */ = {isa = PBXFileReference; lastKnownFileType = sourcecode.swift; path = CommitmentDTOs.swift; sourceTree = "<group>"; };
		7688AC9A26BFF8DC8A168253 /* HistoryView.swift */ = {isa = PBXFileReference; lastKnownFileType = sourcecode.swift; path = HistoryView.swift; sourceTree = "<group>"; };
		7A38B7A7BFDE56ACD96CE2AF /* OnboardingRootView.swift */ = {isa = PBXFileReference; lastKnownFileType = sourcecode.swift; path = OnboardingRootView.swift; sourceTree = "<group>"; };
		7BD76AB8645717C6B9102BE3 /* ProofResultView.swift */ = {isa = PBXFileReference; lastKnownFileType = sourcecode.swift; path = ProofResultView.swift; sourceTree = "<group>"; };
		80AE7F5A56EAC36BF082B1F6 /* HomeView.swift */ = {isa = PBXFileReference; lastKnownFileType = sourcecode.swift; path = HomeView.swift; sourceTree = "<group>"; };
		83B0551888844533D9BFE6B9 /* Tokens.swift */ = {isa = PBXFileReference; lastKnownFileType = sourcecode.swift; path = Tokens.swift; sourceTree = "<group>"; };
		856FE5C0A29959AB17DD9547 /* SettingsView.swift */ = {isa = PBXFileReference; lastKnownFileType = sourcecode.swift; path = SettingsView.swift; sourceTree = "<group>"; };
		913B2F532C3ADC7A370A9FEF /* SegmentedControl.swift */ = {isa = PBXFileReference; lastKnownFileType = sourcecode.swift; path = SegmentedControl.swift; sourceTree = "<group>"; };
		91974E60A51E4A992E75297A /* AuthAPI.swift */ = {isa = PBXFileReference; lastKnownFileType = sourcecode.swift; path = AuthAPI.swift; sourceTree = "<group>"; };
		920948412F7B4350284AF368 /* Card.swift */ = {isa = PBXFileReference; lastKnownFileType = sourcecode.swift; path = Card.swift; sourceTree = "<group>"; };
		A204BF2D4ACB95C6267833B2 /* JIKYEOApp.swift */ = {isa = PBXFileReference; lastKnownFileType = sourcecode.swift; path = JIKYEOApp.swift; sourceTree = "<group>"; };
		A74EC51FC93405DF58DDA00B /* AppClock.swift */ = {isa = PBXFileReference; lastKnownFileType = sourcecode.swift; path = AppClock.swift; sourceTree = "<group>"; };
		A852DEEEE8CFF8E4BBEFC768 /* CommitmentAPI.swift */ = {isa = PBXFileReference; lastKnownFileType = sourcecode.swift; path = CommitmentAPI.swift; sourceTree = "<group>"; };
		C091644AD30AE05D142CB337 /* DebugLaunch.swift */ = {isa = PBXFileReference; lastKnownFileType = sourcecode.swift; path = DebugLaunch.swift; sourceTree = "<group>"; };
		C2EA4A1C0D03483B2B41923E /* CreateCommitmentWizardView.swift */ = {isa = PBXFileReference; lastKnownFileType = sourcecode.swift; path = CreateCommitmentWizardView.swift; sourceTree = "<group>"; };
		C636604A23DBE445A96DC033 /* PhotoProofView.swift */ = {isa = PBXFileReference; lastKnownFileType = sourcecode.swift; path = PhotoProofView.swift; sourceTree = "<group>"; };
		CE69923D9990D8BD64DF6739 /* GpsProofView.swift */ = {isa = PBXFileReference; lastKnownFileType = sourcecode.swift; path = GpsProofView.swift; sourceTree = "<group>"; };
		E37091103DE446C892C84A08 /* CountdownText.swift */ = {isa = PBXFileReference; lastKnownFileType = sourcecode.swift; path = CountdownText.swift; sourceTree = "<group>"; };
		E48318D4B11678809CABA109 /* Assets.xcassets */ = {isa = PBXFileReference; lastKnownFileType = folder.assetcatalog; path = Assets.xcassets; sourceTree = "<group>"; };
		F023F30966FFCF9732152E0C /* GpsTargetPickerView.swift */ = {isa = PBXFileReference; lastKnownFileType = sourcecode.swift; path = GpsTargetPickerView.swift; sourceTree = "<group>"; };
		F042E29D6A97F5DB89D5C19B /* CommitmentTemplate.swift */ = {isa = PBXFileReference; lastKnownFileType = sourcecode.swift; path = CommitmentTemplate.swift; sourceTree = "<group>"; };
		FC98049F94AE6C08CC430AEA /* Typography.swift */ = {isa = PBXFileReference; lastKnownFileType = sourcecode.swift; path = Typography.swift; sourceTree = "<group>"; };
/* End PBXFileReference section */

/* Begin PBXGroup section */
		092C32F215939C436959C9D5 /* Resources */ = {
			isa = PBXGroup;
			children = (
				E48318D4B11678809CABA109 /* Assets.xcassets */,
			);
			path = Resources;
			sourceTree = "<group>";
		};
		300CCE25E5AFB9FCEC7B8899 /* History */ = {
			isa = PBXGroup;
			children = (
				7688AC9A26BFF8DC8A168253 /* HistoryView.swift */,
			);
			path = History;
			sourceTree = "<group>";
		};
		32944CA6774253E48C8EDAFB /* Home */ = {
			isa = PBXGroup;
			children = (
				80AE7F5A56EAC36BF082B1F6 /* HomeView.swift */,
				338DDB07ED0B24924515B50C /* HomeViewModel.swift */,
			);
			path = Home;
			sourceTree = "<group>";
		};
		6A1C2A58EE0E55E2731CFCD2 /* Features */ = {
			isa = PBXGroup;
			children = (
				FB6B9AB007F25B5EC82FA24F /* CreateCommitment */,
				CD71D32B546559E1E1CE30AA /* Friends */,
				300CCE25E5AFB9FCEC7B8899 /* History */,
				32944CA6774253E48C8EDAFB /* Home */,
				F04858AAE95252907790A502 /* Onboarding */,
				C38605068336AD0760438496 /* Proof */,
				F8CCF3311D05E3696C22D583 /* Settings */,
			);
			path = Features;
			sourceTree = "<group>";
		};
		B9F9EDBB01BA05D41197A11A /* DesignSystem */ = {
			isa = PBXGroup;
			children = (
				438A76621CD2BBF69BDEC408 /* Buttons.swift */,
				920948412F7B4350284AF368 /* Card.swift */,
				37D50BD86475B503B355C611 /* Copy.swift */,
				E37091103DE446C892C84A08 /* CountdownText.swift */,
				60771B39C89F5F8210E869CE /* InputField.swift */,
				2D49984BB5396F8314E5E868 /* MoneyText.swift */,
				913B2F532C3ADC7A370A9FEF /* SegmentedControl.swift */,
				2C42A0920D900711B7539E21 /* StatusChip.swift */,
				83B0551888844533D9BFE6B9 /* Tokens.swift */,
				FC98049F94AE6C08CC430AEA /* Typography.swift */,
			);
			path = DesignSystem;
			sourceTree = "<group>";
		};
		C38605068336AD0760438496 /* Proof */ = {
			isa = PBXGroup;
			children = (
				CE69923D9990D8BD64DF6739 /* GpsProofView.swift */,
				C636604A23DBE445A96DC033 /* PhotoProofView.swift */,
				58F6685E175A64C6C53BA311 /* ProofFlowView.swift */,
				7BD76AB8645717C6B9102BE3 /* ProofResultView.swift */,
				1D0C5D7A3EB2C9F530F9DDEE /* SelfVerifyView.swift */,
				09E9842DB124112F26723127 /* TimerProofView.swift */,
			);
			path = Proof;
			sourceTree = "<group>";
		};
		CD71D32B546559E1E1CE30AA /* Friends */ = {
			isa = PBXGroup;
			children = (
				2E4B5C405C1FB610CE7A3CCB /* FriendsView.swift */,
			);
			path = Friends;
			sourceTree = "<group>";
		};
		EB79B2BD1E9D485C3CDB466F /* Core */ = {
			isa = PBXGroup;
			children = (
				27EA559AD70FF91099A7C7DE /* APIClient.swift */,
				A74EC51FC93405DF58DDA00B /* AppClock.swift */,
				31359A28BB160317081D47FF /* AppContainer.swift */,
				1EFE5CF552F3E17762560457 /* AppEnvironment.swift */,
				91974E60A51E4A992E75297A /* AuthAPI.swift */,
				426B016CDA80B9F4B14F794D /* AuthStore.swift */,
				A852DEEEE8CFF8E4BBEFC768 /* CommitmentAPI.swift */,
				651C3B3D6E1BDE083904B2B2 /* CommitmentDTOs.swift */,
				C091644AD30AE05D142CB337 /* DebugLaunch.swift */,
			);
			path = Core;
			sourceTree = "<group>";
		};
		F04858AAE95252907790A502 /* Onboarding */ = {
			isa = PBXGroup;
			children = (
				7A38B7A7BFDE56ACD96CE2AF /* OnboardingRootView.swift */,
			);
			path = Onboarding;
			sourceTree = "<group>";
		};
		F180310B242B473A3747E88D /* Products */ = {
			isa = PBXGroup;
			children = (
				3CDC37B1BC5F624BACD1E19B /* JIKYEO.app */,
			);
			name = Products;
			sourceTree = "<group>";
		};
		F8CCF3311D05E3696C22D583 /* Settings */ = {
			isa = PBXGroup;
			children = (
				856FE5C0A29959AB17DD9547 /* SettingsView.swift */,
			);
			path = Settings;
			sourceTree = "<group>";
		};
		FB6B9AB007F25B5EC82FA24F /* CreateCommitment */ = {
			isa = PBXGroup;
			children = (
				F042E29D6A97F5DB89D5C19B /* CommitmentTemplate.swift */,
				1776D2DC7938033372B683BE /* CreateCommitmentEntry.swift */,
				3A117D22D7CF6424E7361100 /* CreateCommitmentModel.swift */,
				C2EA4A1C0D03483B2B41923E /* CreateCommitmentWizardView.swift */,
				F023F30966FFCF9732152E0C /* GpsTargetPickerView.swift */,
			);
			path = CreateCommitment;
			sourceTree = "<group>";
		};
		FBFFCB26405247241F129B00 = {
			isa = PBXGroup;
			children = (
				A204BF2D4ACB95C6267833B2 /* JIKYEOApp.swift */,
				0DBDB4231946A98FF2AB821F /* RootView.swift */,
				EB79B2BD1E9D485C3CDB466F /* Core */,
				B9F9EDBB01BA05D41197A11A /* DesignSystem */,
				6A1C2A58EE0E55E2731CFCD2 /* Features */,
				092C32F215939C436959C9D5 /* Resources */,
				F180310B242B473A3747E88D /* Products */,
			);
			sourceTree = "<group>";
		};
/* End PBXGroup section */

/* Begin PBXNativeTarget section */
		B22059F7ADA0A263F7EFFE51 /* JIKYEO */ = {
			isa = PBXNativeTarget;
			buildConfigurationList = 92EEA7D63CB82E5E97BECE07 /* Build configuration list for PBXNativeTarget "JIKYEO" */;
			buildPhases = (
				E86DA592ED1A6CEEABC50FF6 /* Sources */,
				8B3F5D604B18A26AACECE650 /* Resources */,
			);
			buildRules = (
			);
			dependencies = (
			);
			name = JIKYEO;
			packageProductDependencies = (
			);
			productName = JIKYEO;
			productReference = 3CDC37B1BC5F624BACD1E19B /* JIKYEO.app */;
			productType = "com.apple.product-type.application";
		};
/* End PBXNativeTarget section */

/* Begin PBXProject section */
		078212BB81393B12CAE345CF /* Project object */ = {
			isa = PBXProject;
			attributes = {
				BuildIndependentTargetsInParallel = YES;
				LastUpgradeCheck = 1430;
				TargetAttributes = {
					B22059F7ADA0A263F7EFFE51 = {
						DevelopmentTeam = "";
						ProvisioningStyle = Automatic;
					};
				};
			};
			buildConfigurationList = 2B625EE31212D001D16F6C1D /* Build configuration list for PBXProject "JIKYEO" */;
			developmentRegion = en;
			hasScannedForEncodings = 0;
			knownRegions = (
				Base,
				en,
			);
			mainGroup = FBFFCB26405247241F129B00;
			minimizedProjectReferenceProxies = 1;
			preferredProjectObjectVersion = 77;
			productRefGroup = F180310B242B473A3747E88D /* Products */;
			projectDirPath = "";
			projectRoot = "";
			targets = (
				B22059F7ADA0A263F7EFFE51 /* JIKYEO */,
			);
		};
/* End PBXProject section */

/* Begin PBXResourcesBuildPhase section */
		8B3F5D604B18A26AACECE650 /* Resources */ = {
			isa = PBXResourcesBuildPhase;
			buildActionMask = 2147483647;
			files = (
				0F1EDB5DC906F9FCE365D474 /* Assets.xcassets in Resources */,
			);
			runOnlyForDeploymentPostprocessing = 0;
		};
/* End PBXResourcesBuildPhase section */

/* Begin PBXSourcesBuildPhase section */
		E86DA592ED1A6CEEABC50FF6 /* Sources */ = {
			isa = PBXSourcesBuildPhase;
			buildActionMask = 2147483647;
			files = (
				DE0BF52AC597117E55CA8721 /* APIClient.swift in Sources */,
				A23583A37904B82A4CB5D8BE /* AppClock.swift in Sources */,
				3C6F86152B1BD028C9A07024 /* AppContainer.swift in Sources */,
				E9CEBA4C097212BC72C6C878 /* AppEnvironment.swift in Sources */,
				4C287D75D52E2A3B8F2C706B /* AuthAPI.swift in Sources */,
				6443C61951276A7D8D1F198D /* AuthStore.swift in Sources */,
				87AFB6B90E2EC6DDE2DE4288 /* Buttons.swift in Sources */,
				0AFAD4491B237BB2FAA232E0 /* Card.swift in Sources */,
				FCFA3159FA125CEDA766E884 /* CommitmentAPI.swift in Sources */,
				C375861F43774C18EAF26472 /* CommitmentDTOs.swift in Sources */,
				D8DCE4981D430BC661543DE2 /* CommitmentTemplate.swift in Sources */,
				5D780350421E3B125891A653 /* Copy.swift in Sources */,
				6B6451965421F7042DEE614F /* CountdownText.swift in Sources */,
				9780B3536554E1DFF8642339 /* CreateCommitmentEntry.swift in Sources */,
				CA73DB7335F3C60C357C5F35 /* CreateCommitmentModel.swift in Sources */,
				4414C35E44A1DFD7F849F685 /* CreateCommitmentWizardView.swift in Sources */,
				217D0A05911CB8D47EA69738 /* DebugLaunch.swift in Sources */,
				0B6F4DB25CA3B4884EA2EF0D /* FriendsView.swift in Sources */,
				285E17402E0FEE7291C1C153 /* GpsProofView.swift in Sources */,
				4ED5A5E7A01BA89E42FE2C43 /* GpsTargetPickerView.swift in Sources */,
				D97E5F3AA4DC2364A6E30CB1 /* HistoryView.swift in Sources */,
				A07651915827F11C4D577D14 /* HomeView.swift in Sources */,
				B1E6E571503925E213E02534 /* HomeViewModel.swift in Sources */,
				DED02BC39994F0722A0410AC /* InputField.swift in Sources */,
				CAAC4450F1A67F84EEF3F29E /* JIKYEOApp.swift in Sources */,
				2AE315159508CC98F0AEFC9F /* MoneyText.swift in Sources */,
				9077F1ED47B99AC2FEE909F7 /* OnboardingRootView.swift in Sources */,
				95E3BBF442CBE39568514C85 /* PhotoProofView.swift in Sources */,
				D5D25E89CF26E05358769294 /* ProofFlowView.swift in Sources */,
				143EEA1E25546B0C3518382E /* ProofResultView.swift in Sources */,
				1BF899F44C2748E4AF7AEB0F /* RootView.swift in Sources */,
				BF1E3B6D901905E5B3BF3FD6 /* SegmentedControl.swift in Sources */,
				1AA6BE939632081D5FAA4142 /* SelfVerifyView.swift in Sources */,
				7158D5E5A49A0FF1D74B5E1F /* SettingsView.swift in Sources */,
				F631A5F0EC0EC6BD14F3DDD6 /* StatusChip.swift in Sources */,
				18F095D4C34CBBA422DB1D5C /* TimerProofView.swift in Sources */,
				C0588825B6924F9C2DB6AA8D /* Tokens.swift in Sources */,
				DE3AE9B3EE11E0BCCEC6DF53 /* Typography.swift in Sources */,
			);
			runOnlyForDeploymentPostprocessing = 0;
		};
/* End PBXSourcesBuildPhase section */

/* Begin XCBuildConfiguration section */
		2E7E97437A7E41BAC099333B /* Debug */ = {
			isa = XCBuildConfiguration;
			buildSettings = {
				ASSETCATALOG_COMPILER_APPICON_NAME = AppIcon;
				ASSETCATALOG_COMPILER_GLOBAL_ACCENT_COLOR_NAME = AccentColor;
				CODE_SIGN_IDENTITY = "iPhone Developer";
				CURRENT_PROJECT_VERSION = 1;
				ENABLE_USER_SCRIPT_SANDBOXING = NO;
				GENERATE_INFOPLIST_FILE = YES;
				INFOPLIST_KEY_CFBundleDisplayName = "지켜";
				INFOPLIST_KEY_NSCameraUsageDescription = "약속을 사진으로 증명하기 위해 카메라를 사용해요.";
				INFOPLIST_KEY_NSLocationWhenInUseUsageDescription = "약속 장소에 도착했는지 확인하기 위해 위치를 사용해요.";
				INFOPLIST_KEY_NSPhotoLibraryAddUsageDescription = "증명 사진 저장을 위해 사진첩을 사용해요.";
				INFOPLIST_KEY_UIApplicationSceneManifest_Generation = YES;
				INFOPLIST_KEY_UIApplicationSupportsIndirectInputEvents = YES;
				INFOPLIST_KEY_UILaunchScreen_Generation = YES;
				INFOPLIST_KEY_UISupportedInterfaceOrientations = UIInterfaceOrientationPortrait;
				INFOPLIST_KEY_UISupportedInterfaceOrientations_iPad = "UIInterfaceOrientationPortrait UIInterfaceOrientationPortraitUpsideDown UIInterfaceOrientationLandscapeLeft UIInterfaceOrientationLandscapeRight";
				IPHONEOS_DEPLOYMENT_TARGET = 17.0;
				LD_RUNPATH_SEARCH_PATHS = (
					"$(inherited)",
					"@executable_path/Frameworks",
				);
				MARKETING_VERSION = 0.1.0;
				PRODUCT_BUNDLE_IDENTIFIER = com.jikyeo.app;
				SDKROOT = iphoneos;
				TARGETED_DEVICE_FAMILY = "1,2";
			};
			name = Debug;
		};
		A44C742046914CF78329EF08 /* Release */ = {
			isa = XCBuildConfiguration;
			buildSettings = {
				ALWAYS_SEARCH_USER_PATHS = NO;
				CLANG_ANALYZER_NONNULL = YES;
				CLANG_ANALYZER_NUMBER_OBJECT_CONVERSION = YES_AGGRESSIVE;
				CLANG_CXX_LANGUAGE_STANDARD = "gnu++14";
				CLANG_CXX_LIBRARY = "libc++";
				CLANG_ENABLE_MODULES = YES;
				CLANG_ENABLE_OBJC_ARC = YES;
				CLANG_ENABLE_OBJC_WEAK = YES;
				CLANG_WARN_BLOCK_CAPTURE_AUTORELEASING = YES;
				CLANG_WARN_BOOL_CONVERSION = YES;
				CLANG_WARN_COMMA = YES;
				CLANG_WARN_CONSTANT_CONVERSION = YES;
				CLANG_WARN_DEPRECATED_OBJC_IMPLEMENTATIONS = YES;
				CLANG_WARN_DIRECT_OBJC_ISA_USAGE = YES_ERROR;
				CLANG_WARN_DOCUMENTATION_COMMENTS = YES;
				CLANG_WARN_EMPTY_BODY = YES;
				CLANG_WARN_ENUM_CONVERSION = YES;
				CLANG_WARN_INFINITE_RECURSION = YES;
				CLANG_WARN_INT_CONVERSION = YES;
				CLANG_WARN_NON_LITERAL_NULL_CONVERSION = YES;
				CLANG_WARN_OBJC_IMPLICIT_RETAIN_SELF = YES;
				CLANG_WARN_OBJC_LITERAL_CONVERSION = YES;
				CLANG_WARN_OBJC_ROOT_CLASS = YES_ERROR;
				CLANG_WARN_QUOTED_INCLUDE_IN_FRAMEWORK_HEADER = YES;
				CLANG_WARN_RANGE_LOOP_ANALYSIS = YES;
				CLANG_WARN_STRICT_PROTOTYPES = YES;
				CLANG_WARN_SUSPICIOUS_MOVE = YES;
				CLANG_WARN_UNGUARDED_AVAILABILITY = YES_AGGRESSIVE;
				CLANG_WARN_UNREACHABLE_CODE = YES;
				CLANG_WARN__DUPLICATE_METHOD_MATCH = YES;
				CODE_SIGNING_ALLOWED = NO;
				CODE_SIGNING_REQUIRED = NO;
				CODE_SIGN_STYLE = Automatic;
				COPY_PHASE_STRIP = NO;
				DEBUG_INFORMATION_FORMAT = "dwarf-with-dsym";
				DEVELOPMENT_TEAM = "";
				ENABLE_NS_ASSERTIONS = NO;
				ENABLE_STRICT_OBJC_MSGSEND = YES;
				GCC_C_LANGUAGE_STANDARD = gnu11;
				GCC_NO_COMMON_BLOCKS = YES;
				GCC_WARN_64_TO_32_BIT_CONVERSION = YES;
				GCC_WARN_ABOUT_RETURN_TYPE = YES_ERROR;
				GCC_WARN_UNDECLARED_SELECTOR = YES;
				GCC_WARN_UNINITIALIZED_AUTOS = YES_AGGRESSIVE;
				GCC_WARN_UNUSED_FUNCTION = YES;
				GCC_WARN_UNUSED_VARIABLE = YES;
				IPHONEOS_DEPLOYMENT_TARGET = 17.0;
				MTL_ENABLE_DEBUG_INFO = NO;
				MTL_FAST_MATH = YES;
				PRODUCT_NAME = "$(TARGET_NAME)";
				SDKROOT = iphoneos;
				SWIFT_COMPILATION_MODE = wholemodule;
				SWIFT_OPTIMIZATION_LEVEL = "-O";
				SWIFT_VERSION = 5.9;
			};
			name = Release;
		};
		D6B8A8A5E6DA9471CAB68A27 /* Release */ = {
			isa = XCBuildConfiguration;
			buildSettings = {
				ASSETCATALOG_COMPILER_APPICON_NAME = AppIcon;
				ASSETCATALOG_COMPILER_GLOBAL_ACCENT_COLOR_NAME = AccentColor;
				CODE_SIGN_IDENTITY = "iPhone Developer";
				CURRENT_PROJECT_VERSION = 1;
				ENABLE_USER_SCRIPT_SANDBOXING = NO;
				GENERATE_INFOPLIST_FILE = YES;
				INFOPLIST_KEY_CFBundleDisplayName = "지켜";
				INFOPLIST_KEY_NSCameraUsageDescription = "약속을 사진으로 증명하기 위해 카메라를 사용해요.";
				INFOPLIST_KEY_NSLocationWhenInUseUsageDescription = "약속 장소에 도착했는지 확인하기 위해 위치를 사용해요.";
				INFOPLIST_KEY_NSPhotoLibraryAddUsageDescription = "증명 사진 저장을 위해 사진첩을 사용해요.";
				INFOPLIST_KEY_UIApplicationSceneManifest_Generation = YES;
				INFOPLIST_KEY_UIApplicationSupportsIndirectInputEvents = YES;
				INFOPLIST_KEY_UILaunchScreen_Generation = YES;
				INFOPLIST_KEY_UISupportedInterfaceOrientations = UIInterfaceOrientationPortrait;
				INFOPLIST_KEY_UISupportedInterfaceOrientations_iPad = "UIInterfaceOrientationPortrait UIInterfaceOrientationPortraitUpsideDown UIInterfaceOrientationLandscapeLeft UIInterfaceOrientationLandscapeRight";
				IPHONEOS_DEPLOYMENT_TARGET = 17.0;
				LD_RUNPATH_SEARCH_PATHS = (
					"$(inherited)",
					"@executable_path/Frameworks",
				);
				MARKETING_VERSION = 0.1.0;
				PRODUCT_BUNDLE_IDENTIFIER = com.jikyeo.app;
				SDKROOT = iphoneos;
				TARGETED_DEVICE_FAMILY = "1,2";
			};
			name = Release;
		};
		F2AFA37E0BCEA8B0D66C15D3 /* Debug */ = {
			isa = XCBuildConfiguration;
			buildSettings = {
				ALWAYS_SEARCH_USER_PATHS = NO;
				CLANG_ANALYZER_NONNULL = YES;
				CLANG_ANALYZER_NUMBER_OBJECT_CONVERSION = YES_AGGRESSIVE;
				CLANG_CXX_LANGUAGE_STANDARD = "gnu++14";
				CLANG_CXX_LIBRARY = "libc++";
				CLANG_ENABLE_MODULES = YES;
				CLANG_ENABLE_OBJC_ARC = YES;
				CLANG_ENABLE_OBJC_WEAK = YES;
				CLANG_WARN_BLOCK_CAPTURE_AUTORELEASING = YES;
				CLANG_WARN_BOOL_CONVERSION = YES;
				CLANG_WARN_COMMA = YES;
				CLANG_WARN_CONSTANT_CONVERSION = YES;
				CLANG_WARN_DEPRECATED_OBJC_IMPLEMENTATIONS = YES;
				CLANG_WARN_DIRECT_OBJC_ISA_USAGE = YES_ERROR;
				CLANG_WARN_DOCUMENTATION_COMMENTS = YES;
				CLANG_WARN_EMPTY_BODY = YES;
				CLANG_WARN_ENUM_CONVERSION = YES;
				CLANG_WARN_INFINITE_RECURSION = YES;
				CLANG_WARN_INT_CONVERSION = YES;
				CLANG_WARN_NON_LITERAL_NULL_CONVERSION = YES;
				CLANG_WARN_OBJC_IMPLICIT_RETAIN_SELF = YES;
				CLANG_WARN_OBJC_LITERAL_CONVERSION = YES;
				CLANG_WARN_OBJC_ROOT_CLASS = YES_ERROR;
				CLANG_WARN_QUOTED_INCLUDE_IN_FRAMEWORK_HEADER = YES;
				CLANG_WARN_RANGE_LOOP_ANALYSIS = YES;
				CLANG_WARN_STRICT_PROTOTYPES = YES;
				CLANG_WARN_SUSPICIOUS_MOVE = YES;
				CLANG_WARN_UNGUARDED_AVAILABILITY = YES_AGGRESSIVE;
				CLANG_WARN_UNREACHABLE_CODE = YES;
				CLANG_WARN__DUPLICATE_METHOD_MATCH = YES;
				CODE_SIGNING_ALLOWED = NO;
				CODE_SIGNING_REQUIRED = NO;
				CODE_SIGN_STYLE = Automatic;
				COPY_PHASE_STRIP = NO;
				DEBUG_INFORMATION_FORMAT = dwarf;
				DEVELOPMENT_TEAM = "";
				ENABLE_STRICT_OBJC_MSGSEND = YES;
				ENABLE_TESTABILITY = YES;
				GCC_C_LANGUAGE_STANDARD = gnu11;
				GCC_DYNAMIC_NO_PIC = NO;
				GCC_NO_COMMON_BLOCKS = YES;
				GCC_OPTIMIZATION_LEVEL = 0;
				GCC_PREPROCESSOR_DEFINITIONS = (
					"$(inherited)",
					"DEBUG=1",
				);
				GCC_WARN_64_TO_32_BIT_CONVERSION = YES;
				GCC_WARN_ABOUT_RETURN_TYPE = YES_ERROR;
				GCC_WARN_UNDECLARED_SELECTOR = YES;
				GCC_WARN_UNINITIALIZED_AUTOS = YES_AGGRESSIVE;
				GCC_WARN_UNUSED_FUNCTION = YES;
				GCC_WARN_UNUSED_VARIABLE = YES;
				IPHONEOS_DEPLOYMENT_TARGET = 17.0;
				MTL_ENABLE_DEBUG_INFO = INCLUDE_SOURCE;
				MTL_FAST_MATH = YES;
				ONLY_ACTIVE_ARCH = YES;
				PRODUCT_NAME = "$(TARGET_NAME)";
				SDKROOT = iphoneos;
				SWIFT_ACTIVE_COMPILATION_CONDITIONS = DEBUG;
				SWIFT_OPTIMIZATION_LEVEL = "-Onone";
				SWIFT_VERSION = 5.9;
			};
			name = Debug;
		};
/* End XCBuildConfiguration section */

/* Begin XCConfigurationList section */
		2B625EE31212D001D16F6C1D /* Build configuration list for PBXProject "JIKYEO" */ = {
			isa = XCConfigurationList;
			buildConfigurations = (
				F2AFA37E0BCEA8B0D66C15D3 /* Debug */,
				A44C742046914CF78329EF08 /* Release */,
			);
			defaultConfigurationIsVisible = 0;
			defaultConfigurationName = Debug;
		};
		92EEA7D63CB82E5E97BECE07 /* Build configuration list for PBXNativeTarget "JIKYEO" */ = {
			isa = XCConfigurationList;
			buildConfigurations = (
				2E7E97437A7E41BAC099333B /* Debug */,
				D6B8A8A5E6DA9471CAB68A27 /* Release */,
			);
			defaultConfigurationIsVisible = 0;
			defaultConfigurationName = Debug;
		};
/* End XCConfigurationList section */
	};
	rootObject = 078212BB81393B12CAE345CF /* Project object */;
}
